
Microsoft Visual Studio Solution File, Format Version 12.00
# Visual Studio Version 17
VisualStudioVersion = 17.8.34408.163
MinimumVisualStudioVersion = 10.0.40219.1
Project("{FAE04EC0-301F-11D3-BF4B-00C04F79EFBC}") = "Kompozyt", "Kompozyt\Kompozyt.csproj", "{A891E71A-114C-446D-A1EA-D255FD7B1B09}"
EndProject
Global
	GlobalSection(SolutionConfigurationPlatforms) = preSolution
		Debug|Any CPU = Debug|Any CPU
		Release|Any CPU = Release|Any CPU
	EndGlobalSection
	GlobalSection(ProjectConfigurationPlatforms) = postSolution
		{A891E71A-114C-446D-A1EA-D255FD7B1B09}.Debug|Any CPU.ActiveCfg = Debug|Any CPU
		{A891E71A-114C-446D-A1EA-D255FD7B1B09}.Debug|Any CPU.Build.0 = Debug|Any CPU
		{A891E71A-114C-446D-A1EA-D255FD7B1B09}.Release|Any CPU.ActiveCfg = Release|Any CPU
		{A891E71A-114C-446D-A1EA-D255FD7B1B09}.Release|Any CPU.Build.0 = Release|Any CPU
	EndGlobalSection
	GlobalSection(SolutionProperties) = preSolution
		HideSolutionNode = FALSE
	EndGlobalSection
	GlobalSection(ExtensibilityGlobals) = postSolution
		SolutionGuid = {23BC31D2-4470-4263-9B8D-31E1FAA6CE0B}
	EndGlobalSection
EndGlobal
